
Microsoft Visual Studio Solution File, Format Version 12.00
# Visual Studio Version 16
VisualStudioVersion = 16.0.31729.503
MinimumVisualStudioVersion = 10.0.40219.1
Project("{2150E333-8FDC-42A3-9474-1A3956D46DE8}") = "src", "src", "{A1AEB4DC-B0C7-4539-AEEA-AA2EFE3710C6}"
EndProject
Project("{2150E333-8FDC-42A3-9474-1A3956D46DE8}") = "services", "services", "{7848EECF-3710-4910-862D-5C388A204E4C}"
EndProject
Project("{2150E333-8FDC-42A3-9474-1A3956D46DE8}") = "web", "web", "{87B6837C-00A2-46DA-B7DB-6247E6B655DC}"
EndProject
Project("{9A19103F-16F7-4668-BE54-9A1E7A4F7556}") = "EventAPI", "EventAPI\EventAPI.csproj", "{F3AD0B16-C96A-4ED9-B5D4-261FBF0E20AD}"
EndProject
Project("{E53339B2-1760-4266-BCC7-CA923CBCF16C}") = "docker-compose", "docker-compose.dcproj", "{A94F3F1C-7D39-4A18-916C-C520EFE1E66D}"
EndProject
Project("{9A19103F-16F7-4668-BE54-9A1E7A4F7556}") = "WebMvc", "WebMvc\WebMvc.csproj", "{242AF7F7-17FE-4842-AD4C-98139A70798E}"
EndProject
Project("{9A19103F-16F7-4668-BE54-9A1E7A4F7556}") = "TokenServiceApi", "TokenServiceApi\TokenServiceApi.csproj", "{F75131C4-C87A-4A15-89A4-732A23702AFA}"
EndProject
Project("{9A19103F-16F7-4668-BE54-9A1E7A4F7556}") = "CartAPI", "CartAPI\CartAPI.csproj", "{32FC0C12-6D8B-4A83-BC11-D31CE53C51D0}"
EndProject
Project("{2150E333-8FDC-42A3-9474-1A3956D46DE8}") = "Solution Items", "Solution Items", "{63C8E569-6ACE-4239-A3E3-0A46DC1D501B}"
	ProjectSection(SolutionItems) = preProject
		.editorconfig = .editorconfig
	EndProjectSection
EndProject
Global
	GlobalSection(SolutionConfigurationPlatforms) = preSolution
		Debug|Any CPU = Debug|Any CPU
		Release|Any CPU = Release|Any CPU
	EndGlobalSection
	GlobalSection(ProjectConfigurationPlatforms) = postSolution
		{F3AD0B16-C96A-4ED9-B5D4-261FBF0E20AD}.Debug|Any CPU.ActiveCfg = Debug|Any CPU
		{F3AD0B16-C96A-4ED9-B5D4-261FBF0E20AD}.Debug|Any CPU.Build.0 = Debug|Any CPU
		{F3AD0B16-C96A-4ED9-B5D4-261FBF0E20AD}.Release|Any CPU.ActiveCfg = Release|Any CPU
		{F3AD0B16-C96A-4ED9-B5D4-261FBF0E20AD}.Release|Any CPU.Build.0 = Release|Any CPU
		{A94F3F1C-7D39-4A18-916C-C520EFE1E66D}.Debug|Any CPU.ActiveCfg = Debug|Any CPU
		{A94F3F1C-7D39-4A18-916C-C520EFE1E66D}.Debug|Any CPU.Build.0 = Debug|Any CPU
		{A94F3F1C-7D39-4A18-916C-C520EFE1E66D}.Release|Any CPU.ActiveCfg = Release|Any CPU
		{A94F3F1C-7D39-4A18-916C-C520EFE1E66D}.Release|Any CPU.Build.0 = Release|Any CPU
		{242AF7F7-17FE-4842-AD4C-98139A70798E}.Debug|Any CPU.ActiveCfg = Debug|Any CPU
		{242AF7F7-17FE-4842-AD4C-98139A70798E}.Debug|Any CPU.Build.0 = Debug|Any CPU
		{242AF7F7-17FE-4842-AD4C-98139A70798E}.Release|Any CPU.ActiveCfg = Release|Any CPU
		{242AF7F7-17FE-4842-AD4C-98139A70798E}.Release|Any CPU.Build.0 = Release|Any CPU
		{F75131C4-C87A-4A15-89A4-732A23702AFA}.Debug|Any CPU.ActiveCfg = Debug|Any CPU
		{F75131C4-C87A-4A15-89A4-732A23702AFA}.Debug|Any CPU.Build.0 = Debug|Any CPU
		{F75131C4-C87A-4A15-89A4-732A23702AFA}.Release|Any CPU.ActiveCfg = Release|Any CPU
		{F75131C4-C87A-4A15-89A4-732A23702AFA}.Release|Any CPU.Build.0 = Release|Any CPU
		{32FC0C12-6D8B-4A83-BC11-D31CE53C51D0}.Debug|Any CPU.ActiveCfg = Debug|Any CPU
		{32FC0C12-6D8B-4A83-BC11-D31CE53C51D0}.Debug|Any CPU.Build.0 = Debug|Any CPU
		{32FC0C12-6D8B-4A83-BC11-D31CE53C51D0}.Release|Any CPU.ActiveCfg = Release|Any CPU
		{32FC0C12-6D8B-4A83-BC11-D31CE53C51D0}.Release|Any CPU.Build.0 = Release|Any CPU
	EndGlobalSection
	GlobalSection(SolutionProperties) = preSolution
		HideSolutionNode = FALSE
	EndGlobalSection
	GlobalSection(NestedProjects) = preSolution
		{7848EECF-3710-4910-862D-5C388A204E4C} = {A1AEB4DC-B0C7-4539-AEEA-AA2EFE3710C6}
		{87B6837C-00A2-46DA-B7DB-6247E6B655DC} = {A1AEB4DC-B0C7-4539-AEEA-AA2EFE3710C6}
		{F3AD0B16-C96A-4ED9-B5D4-261FBF0E20AD} = {7848EECF-3710-4910-862D-5C388A204E4C}
		{242AF7F7-17FE-4842-AD4C-98139A70798E} = {87B6837C-00A2-46DA-B7DB-6247E6B655DC}
		{F75131C4-C87A-4A15-89A4-732A23702AFA} = {7848EECF-3710-4910-862D-5C388A204E4C}
		{32FC0C12-6D8B-4A83-BC11-D31CE53C51D0} = {7848EECF-3710-4910-862D-5C388A204E4C}
	EndGlobalSection
	GlobalSection(ExtensibilityGlobals) = postSolution
		SolutionGuid = {C0A3258A-4D46-4D07-B898-AFBEBAB6F778}
	EndGlobalSection
EndGlobal
